Microsoft Visual Studio Solution File, Format Version 8.00
Project("{8BC9CEB8-8B4A-11D0-8D11-00A0C91BC942}") = "libelf", "libelf.vcproj", "{8BA2C3EE-156A-4334-B54F-A7DF654F78A7}"
	ProjectSection(ProjectDependencies) = postProject
	EndProjectSection
EndProject
Global
	GlobalSection(SolutionConfiguration) = preSolution
		Debug = Debug
		Release = Release
		Release_ru = Release_ru
	EndGlobalSection
	GlobalSection(ProjectConfiguration) = postSolution
		{8BA2C3EE-156A-4334-B54F-A7DF654F78A7}.Debug.ActiveCfg = Debug|Win32
		{8BA2C3EE-156A-4334-B54F-A7DF654F78A7}.Debug.Build.0 = Debug|Win32
		{8BA2C3EE-156A-4334-B54F-A7DF654F78A7}.Release.ActiveCfg = Release|Win32
		{8BA2C3EE-156A-4334-B54F-A7DF654F78A7}.Release.Build.0 = Release|Win32
		{8BA2C3EE-156A-4334-B54F-A7DF654F78A7}.Release_ru.ActiveCfg = Release_ru|Win32
		{8BA2C3EE-156A-4334-B54F-A7DF654F78A7}.Release_ru.Build.0 = Release_ru|Win32
	EndGlobalSection
	GlobalSection(ExtensibilityGlobals) = postSolution
	EndGlobalSection
	GlobalSection(ExtensibilityAddIns) = postSolution
	EndGlobalSection
EndGlobal
