
Microsoft Visual Studio Solution File, Format Version 9.00
# Visual Studio 2005
Project("{8BC9CEB8-8B4A-11D0-8D11-00A0C91BC942}") = "simlib", "simlib.vcproj", "{1B318C1E-CC5C-4E70-A410-B0DE9F0F11D8}"
EndProject
Global
	GlobalSection(SolutionConfigurationPlatforms) = preSolution
		debug_nmsdk|Win32 = debug_nmsdk|Win32
		Debug|Win32 = Debug|Win32
		Release_ru|Win32 = Release_ru|Win32
		Release|Win32 = Release|Win32
	EndGlobalSection
	GlobalSection(ProjectConfigurationPlatforms) = postSolution
		{1B318C1E-CC5C-4E70-A410-B0DE9F0F11D8}.debug_nmsdk|Win32.ActiveCfg = debug_nmsdk|Win32
		{1B318C1E-CC5C-4E70-A410-B0DE9F0F11D8}.debug_nmsdk|Win32.Build.0 = debug_nmsdk|Win32
		{1B318C1E-CC5C-4E70-A410-B0DE9F0F11D8}.Debug|Win32.ActiveCfg = Debug|Win32
		{1B318C1E-CC5C-4E70-A410-B0DE9F0F11D8}.Debug|Win32.Build.0 = Debug|Win32
		{1B318C1E-CC5C-4E70-A410-B0DE9F0F11D8}.Release_ru|Win32.ActiveCfg = Release|Win32
		{1B318C1E-CC5C-4E70-A410-B0DE9F0F11D8}.Release_ru|Win32.Build.0 = Release|Win32
		{1B318C1E-CC5C-4E70-A410-B0DE9F0F11D8}.Release|Win32.ActiveCfg = Release|Win32
		{1B318C1E-CC5C-4E70-A410-B0DE9F0F11D8}.Release|Win32.Build.0 = Release|Win32
	EndGlobalSection
	GlobalSection(SolutionProperties) = preSolution
		HideSolutionNode = FALSE
	EndGlobalSection
EndGlobal
